// !$*UTF8*$!
{
	archiveVersion = 1;
	classes = {
	};
	objectVersion = 46;
	objects = {

/* Begin PBXBuildFile section */
		BFBF2C5E1C47CE3B0068C0EC /* main.m in Sources */ = {isa = PBXBuildFile; fileRef = BFBF2C5D1C47CE3B0068C0EC /* main.m */; };
/* End PBXBuildFile section */

/* Begin PBXCopyFilesBuildPhase section */
		BFBF2C581C47CE3B0068C0EC /* CopyFiles */ = {
			isa = PBXCopyFilesBuildPhase;
			buildActionMask = 2147483647;
			dstPath = /usr/share/man/man1/;
			dstSubfolderSpec = 0;
			files = (
			);
			runOnlyForDeploymentPostprocessing = 1;
		};
/* End PBXCopyFilesBuildPhase section */

/* Begin PBXFileReference section */
		BFBF2C5A1C47CE3B0068C0EC /* objSampleDemo001 */ = {isa = PBXFileReference; explicitFileType = "compiled.mach-o.executable"; includeInIndex = 0; path = objSampleDemo001; sourceTree = BUILT_PRODUCTS_DIR; };
		BFBF2C5D1C47CE3B0068C0EC /* main.m */ = {isa = PBXFileReference; lastKnownFileType = sourcecode.c.objc; path = main.m; sourceTree = "<group>"; };
/* End PBXFileReference section */

/* Begin PBXFrameworksBuildPhase section */
		BFBF2C571C47CE3B0068C0EC /* Frameworks */ = {
			isa = PBXFrameworksBuildPhase;
			buildActionMask = 2147483647;
			files = (
			);
			runOnlyForDeploymentPostprocessing = 0;
		};
/* End PBXFrameworksBuildPhase section */

/* Begin PBXGroup section */
		BFBF2C511C47CE3B0068C0EC = {
			isa = PBXGroup;
			children = (
				BFBF2C5C1C47CE3B0068C0EC /* objSampleDemo001 */,
				BFBF2C5B1C47CE3B0068C0EC /* Products */,
			);
			sourceTree = "<group>";
		};
		BFBF2C5B1C47CE3B0068C0EC /* Products */ = {
			isa = PBXGroup;
			children = (
				BFBF2C5A1C47CE3B0068C0EC /* objSampleDemo001 */,
			);
			name = Products;
			sourceTree = "<group>";
		};
		BFBF2C5C1C47CE3B0068C0EC /* objSampleDemo001 */ = {
			isa = PBXGroup;
			children = (
				BFBF2C5D1C47CE3B0068C0EC /* main.m */,
			);
			path = objSampleDemo001;
			sourceTree = "<group>";
		};
/* End PBXGroup section */

/* Begin PBXNativeTarget section */
		BFBF2C591C47CE3B0068C0EC /* objSampleDemo001 */ = {
			isa = PBXNativeTarget;
			buildConfigurationList = BFBF2C611C47CE3B0068C0EC /* Build configuration list for PBXNativeTarget "objSampleDemo001" */;
			buildPhases = (
				BFBF2C561C47CE3B0068C0EC /* Sources */,
				BFBF2C571C47CE3B0068C0EC /* Frameworks */,
				BFBF2C581C47CE3B0068C0EC /* CopyFiles */,
			);
			buildRules = (
			);
			dependencies = (
			);
			name = objSampleDemo001;
			productName = objSampleDemo001;
			productReference = BFBF2C5A1C47CE3B0068C0EC /* objSampleDemo001 */;
			productType = "com.apple.product-type.tool";
		};
/* End PBXNativeTarget section */

/* Begin PBXProject section */
		BFBF2C521C47CE3B0068C0EC /* Project object */ = {
			isa = PBXProject;
			attributes = {
				LastUpgradeCheck = 0720;
				ORGANIZATIONNAME = dy;
				TargetAttributes = {
					BFBF2C591C47CE3B0068C0EC = {
						CreatedOnToolsVersion = 7.2;
					};
				};
			};
			buildConfigurationList = BFBF2C551C47CE3B0068C0EC /* Build configuration list for PBXProject "objSampleDemo001" */;
			compatibilityVersion = "Xcode 3.2";
			developmentRegion = English;
			hasScannedForEncodings = 0;
			knownRegions = (
				en,
			);
			mainGroup = BFBF2C511C47CE3B0068C0EC;
			productRefGroup = BFBF2C5B1C47CE3B0068C0EC /* Products */;
			projectDirPath = "";
			projectRoot = "";
			targets = (
				BFBF2C591C47CE3B0068C0EC /* objSampleDemo001 */,
			);
		};
/* End PBXProject section */

/* Begin PBXSourcesBuildPhase section */
		BFBF2C561C47CE3B0068C0EC /* Sources */ = {
			isa = PBXSourcesBuildPhase;
			buildActionMask = 2147483647;
			files = (
				BFBF2C5E1C47CE3B0068C0EC /* main.m in Sources */,
			);
			runOnlyForDeploymentPostprocessing = 0;
		};
/* End PBXSourcesBuildPhase section */

/* Begin XCBuildConfiguration section */
		BFBF2C5F1C47CE3B0068C0EC /* Debug */ = {
			isa = XCBuildConfiguration;
			buildSettings = {
				ALWAYS_SEARCH_USER_PATHS = NO;
				CLANG_CXX_LANGUAGE_STANDARD = "gnu++0x";
				CLANG_CXX_LIBRARY = "libc++";
				CLANG_ENABLE_MODULES = YES;
				CLANG_ENABLE_OBJC_ARC = YES;
				CLANG_WARN_BOOL_CONVERSION = YES;
				CLANG_WARN_CONSTANT_CONVERSION = YES;
				CLANG_WARN_DIRECT_OBJC_ISA_USAGE = YES_ERROR;
				CLANG_WARN_EMPTY_BODY = YES;
				CLANG_WARN_ENUM_CONVERSION = YES;
				CLANG_WARN_INT_CONVERSION = YES;
				CLANG_WARN_OBJC_ROOT_CLASS = YES_ERROR;
				CLANG_WARN_UNREACHABLE_CODE = YES;
				CLANG_WARN__DUPLICATE_METHOD_MATCH = YES;
				CODE_SIGN_IDENTITY = "-";
				COPY_PHASE_STRIP = NO;
				DEBUG_INFORMATION_FORMAT = dwarf;
				ENABLE_STRICT_OBJC_MSGSEND = YES;
				ENABLE_TESTABILITY = YES;
				GCC_C_LANGUAGE_STANDARD = gnu99;
				GCC_DYNAMIC_NO_PIC = NO;
				GCC_NO_COMMON_BLOCKS = YES;
				GCC_OPTIMIZATION_LEVEL = 0;
				GCC_PREPROCESSOR_DEFINITIONS = (
					"DEBUG=1",
					"$(inherited)",
				);
				GCC_WARN_64_TO_32_BIT_CONVERSION = YES;
				GCC_WARN_ABOUT_RETURN_TYPE = YES_ERROR;
				GCC_WARN_UNDECLARED_SELECTOR = YES;
				GCC_WARN_UNINITIALIZED_AUTOS = YES_AGGRESSIVE;
				GCC_WARN_UNUSED_FUNCTION = YES;
				GCC_WARN_UNUSED_VARIABLE = YES;
				MACOSX_DEPLOYMENT_TARGET = 10.11;
				MTL_ENABLE_DEBUG_INFO = YES;
				ONLY_ACTIVE_ARCH = YES;
				SDKROOT = macosx;
			};
			name = Debug;
		};
		BFBF2C601C47CE3B0068C0EC /* Release */ = {
			isa = XCBuildConfiguration;
			buildSettings = {
				ALWAYS_SEARCH_USER_PATHS = NO;
				CLANG_CXX_LANGUAGE_STANDARD = "gnu++0x";
				CLANG_CXX_LIBRARY = "libc++";
				CLANG_ENABLE_MODULES = YES;
				CLANG_ENABLE_OBJC_ARC = YES;
				CLANG_WARN_BOOL_CONVERSION = YES;
				CLANG_WARN_CONSTANT_CONVERSION = YES;
				CLANG_WARN_DIRECT_OBJC_ISA_USAGE = YES_ERROR;
				CLANG_WARN_EMPTY_BODY = YES;
				CLANG_WARN_ENUM_CONVERSION = YES;
				CLANG_WARN_INT_CONVERSION = YES;
				CLANG_WARN_OBJC_ROOT_CLASS = YES_ERROR;
				CLANG_WARN_UNREACHABLE_CODE = YES;
				CLANG_WARN__DUPLICATE_METHOD_MATCH = YES;
				CODE_SIGN_IDENTITY = "-";
				COPY_PHASE_STRIP = NO;
				DEBUG_INFORMATION_FORMAT = "dwarf-with-dsym";
				ENABLE_NS_ASSERTIONS = NO;
				ENABLE_STRICT_OBJC_MSGSEND = YES;
				GCC_C_LANGUAGE_STANDARD = gnu99;
				GCC_NO_COMMON_BLOCKS = YES;
				GCC_WARN_64_TO_32_BIT_CONVERSION = YES;
				GCC_WARN_ABOUT_RETURN_TYPE = YES_ERROR;
				GCC_WARN_UNDECLARED_SELECTOR = YES;
				GCC_WARN_UNINITIALIZED_AUTOS = YES_AGGRESSIVE;
				GCC_WARN_UNUSED_FUNCTION = YES;
				GCC_WARN_UNUSED_VARIABLE = YES;
				MACOSX_DEPLOYMENT_TARGET = 10.11;
				MTL_ENABLE_DEBUG_INFO = NO;
				SDKROOT = macosx;
			};
			name = Release;
		};
		BFBF2C621C47CE3B0068C0EC /* Debug */ = {
			isa = XCBuildConfiguration;
			buildSettings = {
				PRODUCT_NAME = "$(TARGET_NAME)";
			};
			name = Debug;
		};
		BFBF2C631C47CE3B0068C0EC /* Release */ = {
			isa = XCBuildConfiguration;
			buildSettings = {
				PRODUCT_NAME = "$(TARGET_NAME)";
			};
			name = Release;
		};
/* End XCBuildConfiguration section */

/* Begin XCConfigurationList section */
		BFBF2C551C47CE3B0068C0EC /* Build configuration list for PBXProject "objSampleDemo001" */ = {
			isa = XCConfigurationList;
			buildConfigurations = (
				BFBF2C5F1C47CE3B0068C0EC /* Debug */,
				BFBF2C601C47CE3B0068C0EC /* Release */,
			);
			defaultConfigurationIsVisible = 0;
			defaultConfigurationName = Release;
		};
		BFBF2C611C47CE3B0068C0EC /* Build configuration list for PBXNativeTarget "objSampleDemo001" */ = {
			isa = XCConfigurationList;
			buildConfigurations = (
				BFBF2C621C47CE3B0068C0EC /* Debug */,
				BFBF2C631C47CE3B0068C0EC /* Release */,
			);
			defaultConfigurationIsVisible = 0;
		};
/* End XCConfigurationList section */
	};
	rootObject = BFBF2C521C47CE3B0068C0EC /* Project object */;
}
